
Microsoft Visual Studio Solution File, Format Version 12.00
# Visual Studio Version 17
VisualStudioVersion = 17.0.32014.148
MinimumVisualStudioVersion = 10.0.40219.1
Project("{9A19103F-16F7-4668-BE54-9A1E7A4F7556}") = "Cinema.Application", "Cinema.Application\Cinema.Application.csproj", "{E68588B7-96E3-4699-A53E-F23C2594C836}"
EndProject
Project("{9A19103F-16F7-4668-BE54-9A1E7A4F7556}") = "Cinema.Infrastructure", "Cinema.Infrastructure\Cinema.Infrastructure.csproj", "{119F10C1-5DFA-4F7F-A010-7A72DC3CD98E}"
EndProject
Project("{9A19103F-16F7-4668-BE54-9A1E7A4F7556}") = "Cinema.Domain", "Cinema.Domain\Cinema.Domain.csproj", "{3A8FE743-A5FD-4C5F-A7AE-9FFA37E12F8A}"
EndProject
Project("{9A19103F-16F7-4668-BE54-9A1E7A4F7556}") = "Cinema.Api", "Cinema.Api\Cinema.Api.csproj", "{1ABFB26F-4B87-4711-B901-A93B508924FE}"
EndProject
Global
	GlobalSection(SolutionConfigurationPlatforms) = preSolution
		Debug|Any CPU = Debug|Any CPU
		Release|Any CPU = Release|Any CPU
	EndGlobalSection
	GlobalSection(ProjectConfigurationPlatforms) = postSolution
		{E68588B7-96E3-4699-A53E-F23C2594C836}.Debug|Any CPU.ActiveCfg = Debug|Any CPU
		{E68588B7-96E3-4699-A53E-F23C2594C836}.Debug|Any CPU.Build.0 = Debug|Any CPU
		{E68588B7-96E3-4699-A53E-F23C2594C836}.Release|Any CPU.ActiveCfg = Release|Any CPU
		{E68588B7-96E3-4699-A53E-F23C2594C836}.Release|Any CPU.Build.0 = Release|Any CPU
		{119F10C1-5DFA-4F7F-A010-7A72DC3CD98E}.Debug|Any CPU.ActiveCfg = Debug|Any CPU
		{119F10C1-5DFA-4F7F-A010-7A72DC3CD98E}.Debug|Any CPU.Build.0 = Debug|Any CPU
		{119F10C1-5DFA-4F7F-A010-7A72DC3CD98E}.Release|Any CPU.ActiveCfg = Release|Any CPU
		{119F10C1-5DFA-4F7F-A010-7A72DC3CD98E}.Release|Any CPU.Build.0 = Release|Any CPU
		{3A8FE743-A5FD-4C5F-A7AE-9FFA37E12F8A}.Debug|Any CPU.ActiveCfg = Debug|Any CPU
		{3A8FE743-A5FD-4C5F-A7AE-9FFA37E12F8A}.Debug|Any CPU.Build.0 = Debug|Any CPU
		{3A8FE743-A5FD-4C5F-A7AE-9FFA37E12F8A}.Release|Any CPU.ActiveCfg = Release|Any CPU
		{3A8FE743-A5FD-4C5F-A7AE-9FFA37E12F8A}.Release|Any CPU.Build.0 = Release|Any CPU
		{1ABFB26F-4B87-4711-B901-A93B508924FE}.Debug|Any CPU.ActiveCfg = Debug|Any CPU
		{1ABFB26F-4B87-4711-B901-A93B508924FE}.Debug|Any CPU.Build.0 = Debug|Any CPU
		{1ABFB26F-4B87-4711-B901-A93B508924FE}.Release|Any CPU.ActiveCfg = Release|Any CPU
		{1ABFB26F-4B87-4711-B901-A93B508924FE}.Release|Any CPU.Build.0 = Release|Any CPU
	EndGlobalSection
	GlobalSection(SolutionProperties) = preSolution
		HideSolutionNode = FALSE
	EndGlobalSection
	GlobalSection(ExtensibilityGlobals) = postSolution
		SolutionGuid = {CDCEDCBC-E5CA-4543-8902-C48C24046A4C}
	EndGlobalSection
EndGlobal
