
Microsoft Visual Studio Solution File, Format Version 12.00
# Visual Studio Version 17
VisualStudioVersion = 17.0.32014.148
MinimumVisualStudioVersion = 10.0.40219.1
Project("{FAE04EC0-301F-11D3-BF4B-00C04F79EFBC}") = "CinemaApiSql", "CinemaApiSql\CinemaApiSql.csproj", "{749A1E6F-503A-42A1-AF8F-F4AE70182F3A}"
EndProject
Global
	GlobalSection(SolutionConfigurationPlatforms) = preSolution
		Debug|Any CPU = Debug|Any CPU
		Release|Any CPU = Release|Any CPU
	EndGlobalSection
	GlobalSection(ProjectConfigurationPlatforms) = postSolution
		{749A1E6F-503A-42A1-AF8F-F4AE70182F3A}.Debug|Any CPU.ActiveCfg = Debug|Any CPU
		{749A1E6F-503A-42A1-AF8F-F4AE70182F3A}.Debug|Any CPU.Build.0 = Debug|Any CPU
		{749A1E6F-503A-42A1-AF8F-F4AE70182F3A}.Release|Any CPU.ActiveCfg = Release|Any CPU
		{749A1E6F-503A-42A1-AF8F-F4AE70182F3A}.Release|Any CPU.Build.0 = Release|Any CPU
	EndGlobalSection
	GlobalSection(SolutionProperties) = preSolution
		HideSolutionNode = FALSE
	EndGlobalSection
	GlobalSection(ExtensibilityGlobals) = postSolution
		SolutionGuid = {CDCEDCBC-E5CA-4543-8902-C48C24046A4C}
	EndGlobalSection
EndGlobal
